
Microsoft Visual Studio Solution File, Format Version 12.00
# Visual Studio 15
VisualStudioVersion = 15.0.35319.79
MinimumVisualStudioVersion = 10.0.40219.1
Project("{FAE04EC0-301F-11D3-BF4B-00C04F79EFBC}") = "BilgisayarVeİslemci", "BilgisayarVeİslemci\BilgisayarVeİslemci.csproj", "{B6905835-B2CC-43D7-858A-BE1A2B7025A5}"
EndProject
Global
	GlobalSection(SolutionConfigurationPlatforms) = preSolution
		Debug|Any CPU = Debug|Any CPU
		Release|Any CPU = Release|Any CPU
	EndGlobalSection
	GlobalSection(ProjectConfigurationPlatforms) = postSolution
		{B6905835-B2CC-43D7-858A-BE1A2B7025A5}.Debug|Any CPU.ActiveCfg = Debug|Any CPU
		{B6905835-B2CC-43D7-858A-BE1A2B7025A5}.Debug|Any CPU.Build.0 = Debug|Any CPU
		{B6905835-B2CC-43D7-858A-BE1A2B7025A5}.Release|Any CPU.ActiveCfg = Release|Any CPU
		{B6905835-B2CC-43D7-858A-BE1A2B7025A5}.Release|Any CPU.Build.0 = Release|Any CPU
	EndGlobalSection
	GlobalSection(SolutionProperties) = preSolution
		HideSolutionNode = FALSE
	EndGlobalSection
	GlobalSection(ExtensibilityGlobals) = postSolution
		SolutionGuid = {527DDBDA-0EFA-48BC-AEAE-6FE7E1752627}
	EndGlobalSection
EndGlobal
