
Microsoft Visual Studio Solution File, Format Version 12.00
# Visual Studio 15
VisualStudioVersion = 15.0.35319.79
MinimumVisualStudioVersion = 10.0.40219.1
Project("{FAE04EC0-301F-11D3-BF4B-00C04F79EFBC}") = "DoktorVeHasta", "DoktorVeHasta\DoktorVeHasta.csproj", "{5050141B-9C90-463E-8485-3C86D58CC8F7}"
EndProject
Global
	GlobalSection(SolutionConfigurationPlatforms) = preSolution
		Debug|Any CPU = Debug|Any CPU
		Release|Any CPU = Release|Any CPU
	EndGlobalSection
	GlobalSection(ProjectConfigurationPlatforms) = postSolution
		{5050141B-9C90-463E-8485-3C86D58CC8F7}.Debug|Any CPU.ActiveCfg = Debug|Any CPU
		{5050141B-9C90-463E-8485-3C86D58CC8F7}.Debug|Any CPU.Build.0 = Debug|Any CPU
		{5050141B-9C90-463E-8485-3C86D58CC8F7}.Release|Any CPU.ActiveCfg = Release|Any CPU
		{5050141B-9C90-463E-8485-3C86D58CC8F7}.Release|Any CPU.Build.0 = Release|Any CPU
	EndGlobalSection
	GlobalSection(SolutionProperties) = preSolution
		HideSolutionNode = FALSE
	EndGlobalSection
	GlobalSection(ExtensibilityGlobals) = postSolution
		SolutionGuid = {68A8F62F-3042-40E6-81C1-78FEC81A4321}
	EndGlobalSection
EndGlobal
