
Microsoft Visual Studio Solution File, Format Version 12.00
# Visual Studio 15
VisualStudioVersion = 15.0.35319.79
MinimumVisualStudioVersion = 10.0.40219.1
Project("{FAE04EC0-301F-11D3-BF4B-00C04F79EFBC}") = "EbeveynVeCocuk", "EbeveynVeCocuk\EbeveynVeCocuk.csproj", "{A23C0B20-AD74-4173-8A95-A656FB4580CE}"
EndProject
Global
	GlobalSection(SolutionConfigurationPlatforms) = preSolution
		Debug|Any CPU = Debug|Any CPU
		Release|Any CPU = Release|Any CPU
	EndGlobalSection
	GlobalSection(ProjectConfigurationPlatforms) = postSolution
		{A23C0B20-AD74-4173-8A95-A656FB4580CE}.Debug|Any CPU.ActiveCfg = Debug|Any CPU
		{A23C0B20-AD74-4173-8A95-A656FB4580CE}.Debug|Any CPU.Build.0 = Debug|Any CPU
		{A23C0B20-AD74-4173-8A95-A656FB4580CE}.Release|Any CPU.ActiveCfg = Release|Any CPU
		{A23C0B20-AD74-4173-8A95-A656FB4580CE}.Release|Any CPU.Build.0 = Release|Any CPU
	EndGlobalSection
	GlobalSection(SolutionProperties) = preSolution
		HideSolutionNode = FALSE
	EndGlobalSection
	GlobalSection(ExtensibilityGlobals) = postSolution
		SolutionGuid = {0CCF06B7-D8F2-4E7A-A763-C49A20CACA1D}
	EndGlobalSection
EndGlobal
