
Microsoft Visual Studio Solution File, Format Version 12.00
# Visual Studio 15
VisualStudioVersion = 15.0.35319.79
MinimumVisualStudioVersion = 10.0.40219.1
Project("{FAE04EC0-301F-11D3-BF4B-00C04F79EFBC}") = "OkulVeOgrenci", "OkulVeOgrenci\OkulVeOgrenci.csproj", "{BFCDFAF2-0DA1-47BE-8174-BB16A1D334F2}"
EndProject
Global
	GlobalSection(SolutionConfigurationPlatforms) = preSolution
		Debug|Any CPU = Debug|Any CPU
		Release|Any CPU = Release|Any CPU
	EndGlobalSection
	GlobalSection(ProjectConfigurationPlatforms) = postSolution
		{BFCDFAF2-0DA1-47BE-8174-BB16A1D334F2}.Debug|Any CPU.ActiveCfg = Debug|Any CPU
		{BFCDFAF2-0DA1-47BE-8174-BB16A1D334F2}.Debug|Any CPU.Build.0 = Debug|Any CPU
		{BFCDFAF2-0DA1-47BE-8174-BB16A1D334F2}.Release|Any CPU.ActiveCfg = Release|Any CPU
		{BFCDFAF2-0DA1-47BE-8174-BB16A1D334F2}.Release|Any CPU.Build.0 = Release|Any CPU
	EndGlobalSection
	GlobalSection(SolutionProperties) = preSolution
		HideSolutionNode = FALSE
	EndGlobalSection
	GlobalSection(ExtensibilityGlobals) = postSolution
		SolutionGuid = {733AE58E-A456-47CC-9E7D-ABE7F59C1D13}
	EndGlobalSection
EndGlobal
